
Microsoft Visual Studio Solution File, Format Version 12.00
# Visual Studio Version 17
VisualStudioVersion = 17.0.32014.148
MinimumVisualStudioVersion = 10.0.40219.1
Project("{9A19103F-16F7-4668-BE54-9A1E7A4F7556}") = "Hermes.Api", "Hermes.Api\Hermes.Api.csproj", "{0C18F69D-24C7-49F1-A68C-EFE072EB285E}"
EndProject
Project("{9A19103F-16F7-4668-BE54-9A1E7A4F7556}") = "Hermes.Api.Tests", "Hermes.Api.Tests\Hermes.Api.Tests.csproj", "{97C7119C-CB26-4F9B-9A57-1A3357CF9EC9}"
EndProject
Project("{9A19103F-16F7-4668-BE54-9A1E7A4F7556}") = "Hermes.Core", "Hermes.Core\Hermes.Core.csproj", "{C1935BE5-7763-4699-AA79-CD1CEBB9D2E4}"
EndProject
Project("{9A19103F-16F7-4668-BE54-9A1E7A4F7556}") = "Hermes.FluentAssertions", "Hermes.FluentAssertions\Hermes.FluentAssertions.csproj", "{8311A570-1FA0-43CB-BF52-F7615FF8B3E7}"
EndProject
Project("{9A19103F-16F7-4668-BE54-9A1E7A4F7556}") = "Hermes.Core.Tests", "Hermes.Core.Tests\Hermes.Core.Tests.csproj", "{F0EC029D-61B9-409C-9D4A-4D23B324DF59}"
EndProject
Global
	GlobalSection(SolutionConfigurationPlatforms) = preSolution
		Debug|Any CPU = Debug|Any CPU
		Release|Any CPU = Release|Any CPU
	EndGlobalSection
	GlobalSection(ProjectConfigurationPlatforms) = postSolution
		{0C18F69D-24C7-49F1-A68C-EFE072EB285E}.Debug|Any CPU.ActiveCfg = Debug|Any CPU
		{0C18F69D-24C7-49F1-A68C-EFE072EB285E}.Debug|Any CPU.Build.0 = Debug|Any CPU
		{0C18F69D-24C7-49F1-A68C-EFE072EB285E}.Release|Any CPU.ActiveCfg = Release|Any CPU
		{0C18F69D-24C7-49F1-A68C-EFE072EB285E}.Release|Any CPU.Build.0 = Release|Any CPU
		{97C7119C-CB26-4F9B-9A57-1A3357CF9EC9}.Debug|Any CPU.ActiveCfg = Debug|Any CPU
		{97C7119C-CB26-4F9B-9A57-1A3357CF9EC9}.Debug|Any CPU.Build.0 = Debug|Any CPU
		{97C7119C-CB26-4F9B-9A57-1A3357CF9EC9}.Release|Any CPU.ActiveCfg = Release|Any CPU
		{97C7119C-CB26-4F9B-9A57-1A3357CF9EC9}.Release|Any CPU.Build.0 = Release|Any CPU
		{C1935BE5-7763-4699-AA79-CD1CEBB9D2E4}.Debug|Any CPU.ActiveCfg = Debug|Any CPU
		{C1935BE5-7763-4699-AA79-CD1CEBB9D2E4}.Debug|Any CPU.Build.0 = Debug|Any CPU
		{C1935BE5-7763-4699-AA79-CD1CEBB9D2E4}.Release|Any CPU.ActiveCfg = Release|Any CPU
		{C1935BE5-7763-4699-AA79-CD1CEBB9D2E4}.Release|Any CPU.Build.0 = Release|Any CPU
		{8311A570-1FA0-43CB-BF52-F7615FF8B3E7}.Debug|Any CPU.ActiveCfg = Debug|Any CPU
		{8311A570-1FA0-43CB-BF52-F7615FF8B3E7}.Debug|Any CPU.Build.0 = Debug|Any CPU
		{8311A570-1FA0-43CB-BF52-F7615FF8B3E7}.Release|Any CPU.ActiveCfg = Release|Any CPU
		{8311A570-1FA0-43CB-BF52-F7615FF8B3E7}.Release|Any CPU.Build.0 = Release|Any CPU
		{F0EC029D-61B9-409C-9D4A-4D23B324DF59}.Debug|Any CPU.ActiveCfg = Debug|Any CPU
		{F0EC029D-61B9-409C-9D4A-4D23B324DF59}.Debug|Any CPU.Build.0 = Debug|Any CPU
		{F0EC029D-61B9-409C-9D4A-4D23B324DF59}.Release|Any CPU.ActiveCfg = Release|Any CPU
		{F0EC029D-61B9-409C-9D4A-4D23B324DF59}.Release|Any CPU.Build.0 = Release|Any CPU
	EndGlobalSection
	GlobalSection(SolutionProperties) = preSolution
		HideSolutionNode = FALSE
	EndGlobalSection
	GlobalSection(ExtensibilityGlobals) = postSolution
		SolutionGuid = {E8F1D751-C637-41AD-9936-CA56D67530C5}
	EndGlobalSection
EndGlobal
